// !$*UTF8*$!
{
	archiveVersion = 1;
	classes = {
	};
	objectVersion = 46;
	objects = {

/* Begin PBXBuildFile section */
		1A044B5D1F94898D00EC026B /* IPA.plist in Resources */ = {isa = PBXBuildFile; fileRef = 1A044B5C1F94898D00EC026B /* IPA.plist */; };
		1A09369B1F973B8F003E97D0 /* Security.framework in Frameworks */ = {isa = PBXBuildFile; fileRef = 1A09369A1F973B8F003E97D0 /* Security.framework */; };
		1A0F74BB1FBDAEF500173C71 /* NewsFeedsSDK.framework in Frameworks */ = {isa = PBXBuildFile; fileRef = 1A0F74B91FBDAEF400173C71 /* NewsFeedsSDK.framework */; };
		1A18C94F1FBE810500569435 /* NewsFeedsUISDK.framework in Frameworks */ = {isa = PBXBuildFile; fileRef = 1A18C94E1FBE810500569435 /* NewsFeedsUISDK.framework */; };
		1A20738F1F8F939E00F8A354 /* NFUIBundle.bundle in Resources */ = {isa = PBXBuildFile; fileRef = 1A20738E1F8F939E00F8A354 /* NFUIBundle.bundle */; };
		1A23E4381F909DA6008F209D /* RootViewController.m in Sources */ = {isa = PBXBuildFile; fileRef = 1A23E4371F909DA6008F209D /* RootViewController.m */; };
		1A23E43B1F90A2D5008F209D /* SeperateViewController.m in Sources */ = {isa = PBXBuildFile; fileRef = 1A23E43A1F90A2D5008F209D /* SeperateViewController.m */; };
		1A23E43E1F90A399008F209D /* ArticleDetailViewController.m in Sources */ = {isa = PBXBuildFile; fileRef = 1A23E43D1F90A399008F209D /* ArticleDetailViewController.m */; };
		1A44FCAC1FA73FDF00B2F753 /* NFBundle.bundle in Resources */ = {isa = PBXBuildFile; fileRef = 1A44FCAB1FA73FDF00B2F753 /* NFBundle.bundle */; };
		1A45ACCA1F8DEE7A00401D90 /* AdSupport.framework in Frameworks */ = {isa = PBXBuildFile; fileRef = 1A45ACC91F8DEE7A00401D90 /* AdSupport.framework */; };
		1A45ACCC1F8DEE8100401D90 /* UserNotifications.framework in Frameworks */ = {isa = PBXBuildFile; fileRef = 1A45ACCB1F8DEE8100401D90 /* UserNotifications.framework */; };
		1A45ACCE1F8DEE8600401D90 /* CoreLocation.framework in Frameworks */ = {isa = PBXBuildFile; fileRef = 1A45ACCD1F8DEE8600401D90 /* CoreLocation.framework */; };
		1A45ACD01F8DEE8F00401D90 /* CoreTelephony.framework in Frameworks */ = {isa = PBXBuildFile; fileRef = 1A45ACCF1F8DEE8F00401D90 /* CoreTelephony.framework */; };
		1A45ACD21F8DEE9600401D90 /* SystemConfiguration.framework in Frameworks */ = {isa = PBXBuildFile; fileRef = 1A45ACD11F8DEE9600401D90 /* SystemConfiguration.framework */; };
		1A45ACD41F8DEE9F00401D90 /* MobileCoreServices.framework in Frameworks */ = {isa = PBXBuildFile; fileRef = 1A45ACD31F8DEE9F00401D90 /* MobileCoreServices.framework */; };
		1A45ACD81F8DEED700401D90 /* libz.tbd in Frameworks */ = {isa = PBXBuildFile; fileRef = 1A45ACD71F8DEED700401D90 /* libz.tbd */; };
		1A45ACDA1F8DEEE100401D90 /* libc++.tbd in Frameworks */ = {isa = PBXBuildFile; fileRef = 1A45ACD91F8DEEE100401D90 /* libc++.tbd */; };
		1A45ACDC1F8DEEE800401D90 /* AVFoundation.framework in Frameworks */ = {isa = PBXBuildFile; fileRef = 1A45ACDB1F8DEEE800401D90 /* AVFoundation.framework */; };
		1A45ACDE1F8DEEF100401D90 /* libsqlite3.tbd in Frameworks */ = {isa = PBXBuildFile; fileRef = 1A45ACDD1F8DEEF100401D90 /* libsqlite3.tbd */; };
		1A90D5401F8DECAE00F3CBAF /* main.m in Sources */ = {isa = PBXBuildFile; fileRef = 1A90D53F1F8DECAE00F3CBAF /* main.m */; };
		1A90D5431F8DECAE00F3CBAF /* AppDelegate.m in Sources */ = {isa = PBXBuildFile; fileRef = 1A90D5421F8DECAE00F3CBAF /* AppDelegate.m */; };
		1A90D5461F8DECAE00F3CBAF /* WholeViewController.m in Sources */ = {isa = PBXBuildFile; fileRef = 1A90D5451F8DECAE00F3CBAF /* WholeViewController.m */; };
		1A90D5491F8DECAE00F3CBAF /* Main.storyboard in Resources */ = {isa = PBXBuildFile; fileRef = 1A90D5471F8DECAE00F3CBAF /* Main.storyboard */; };
		1A90D54B1F8DECAE00F3CBAF /* Assets.xcassets in Resources */ = {isa = PBXBuildFile; fileRef = 1A90D54A1F8DECAE00F3CBAF /* Assets.xcassets */; };
		1A90D54E1F8DECAE00F3CBAF /* LaunchScreen.storyboard in Resources */ = {isa = PBXBuildFile; fileRef = 1A90D54C1F8DECAE00F3CBAF /* LaunchScreen.storyboard */; };
		1A90D5591F8DECAE00F3CBAF /* NewsFeedsUIDemoTests.m in Sources */ = {isa = PBXBuildFile; fileRef = 1A90D5581F8DECAE00F3CBAF /* NewsFeedsUIDemoTests.m */; };
		1A90D5641F8DECAE00F3CBAF /* NewsFeedsUIDemoUITests.m in Sources */ = {isa = PBXBuildFile; fileRef = 1A90D5631F8DECAE00F3CBAF /* NewsFeedsUIDemoUITests.m */; };
		FABDB8C0B082933397343935 /* libPods-NewsFeedsUIDemo.a in Frameworks */ = {isa = PBXBuildFile; fileRef = 82F8192557FFD89EDD371051 /* libPods-NewsFeedsUIDemo.a */; };
/* End PBXBuildFile section */

/* Begin PBXContainerItemProxy section */
		1A90D5551F8DECAE00F3CBAF /* PBXContainerItemProxy */ = {
			isa = PBXContainerItemProxy;
			containerPortal = 1A90D5331F8DECAE00F3CBAF /* Project object */;
			proxyType = 1;
			remoteGlobalIDString = 1A90D53A1F8DECAE00F3CBAF;
			remoteInfo = NewsFeedsUIDemo;
		};
		1A90D5601F8DECAE00F3CBAF /* PBXContainerItemProxy */ = {
			isa = PBXContainerItemProxy;
			containerPortal = 1A90D5331F8DECAE00F3CBAF /* Project object */;
			proxyType = 1;
			remoteGlobalIDString = 1A90D53A1F8DECAE00F3CBAF;
			remoteInfo = NewsFeedsUIDemo;
		};
/* End PBXContainerItemProxy section */

/* Begin PBXFileReference section */
		05DF9B4CFA7FC16DC37FD2A8 /* Pods-NewsFeedsUIDemo.release.xcconfig */ = {isa = PBXFileReference; includeInIndex = 1; lastKnownFileType = text.xcconfig; name = "Pods-NewsFeedsUIDemo.release.xcconfig"; path = "Pods/Target Support Files/Pods-NewsFeedsUIDemo/Pods-NewsFeedsUIDemo.release.xcconfig"; sourceTree = "<group>"; };
		089DE002795E5D5EC0DEB096 /* Pods-NewsFeedsUIDemo.debug.xcconfig */ = {isa = PBXFileReference; includeInIndex = 1; lastKnownFileType = text.xcconfig; name = "Pods-NewsFeedsUIDemo.debug.xcconfig"; path = "Pods/Target Support Files/Pods-NewsFeedsUIDemo/Pods-NewsFeedsUIDemo.debug.xcconfig"; sourceTree = "<group>"; };
		1A044B5C1F94898D00EC026B /* IPA.plist */ = {isa = PBXFileReference; fileEncoding = 4; lastKnownFileType = text.plist.xml; path = IPA.plist; sourceTree = "<group>"; };
		1A09369A1F973B8F003E97D0 /* Security.framework */ = {isa = PBXFileReference; lastKnownFileType = wrapper.framework; name = Security.framework; path = System/Library/Frameworks/Security.framework; sourceTree = SDKROOT; };
		1A0F74B91FBDAEF400173C71 /* NewsFeedsSDK.framework */ = {isa = PBXFileReference; lastKnownFileType = wrapper.framework; path = NewsFeedsSDK.framework; sourceTree = "<group>"; };
		1A18C94E1FBE810500569435 /* NewsFeedsUISDK.framework */ = {isa = PBXFileReference; lastKnownFileType = wrapper.framework; path = NewsFeedsUISDK.framework; sourceTree = "<group>"; };
		1A20738E1F8F939E00F8A354 /* NFUIBundle.bundle */ = {isa = PBXFileReference; lastKnownFileType = "wrapper.plug-in"; path = NFUIBundle.bundle; sourceTree = "<group>"; };
		1A23E4361F909DA6008F209D /* RootViewController.h */ = {isa = PBXFileReference; fileEncoding = 4; lastKnownFileType = sourcecode.c.h; path = RootViewController.h; sourceTree = "<group>"; };
		1A23E4371F909DA6008F209D /* RootViewController.m */ = {isa = PBXFileReference; fileEncoding = 4; lastKnownFileType = sourcecode.c.objc; path = RootViewController.m; sourceTree = "<group>"; };
		1A23E4391F90A2D5008F209D /* SeperateViewController.h */ = {isa = PBXFileReference; fileEncoding = 4; lastKnownFileType = sourcecode.c.h; path = SeperateViewController.h; sourceTree = "<group>"; };
		1A23E43A1F90A2D5008F209D /* SeperateViewController.m */ = {isa = PBXFileReference; fileEncoding = 4; lastKnownFileType = sourcecode.c.objc; path = SeperateViewController.m; sourceTree = "<group>"; };
		1A23E43C1F90A399008F209D /* ArticleDetailViewController.h */ = {isa = PBXFileReference; fileEncoding = 4; lastKnownFileType = sourcecode.c.h; path = ArticleDetailViewController.h; sourceTree = "<group>"; };
		1A23E43D1F90A399008F209D /* ArticleDetailViewController.m */ = {isa = PBXFileReference; fileEncoding = 4; lastKnownFileType = sourcecode.c.objc; path = ArticleDetailViewController.m; sourceTree = "<group>"; };
		1A44FCAB1FA73FDF00B2F753 /* NFBundle.bundle */ = {isa = PBXFileReference; lastKnownFileType = "wrapper.plug-in"; path = NFBundle.bundle; sourceTree = "<group>"; };
		1A45ACC91F8DEE7A00401D90 /* AdSupport.framework */ = {isa = PBXFileReference; lastKnownFileType = wrapper.framework; name = AdSupport.framework; path = System/Library/Frameworks/AdSupport.framework; sourceTree = SDKROOT; };
		1A45ACCB1F8DEE8100401D90 /* UserNotifications.framework */ = {isa = PBXFileReference; lastKnownFileType = wrapper.framework; name = UserNotifications.framework; path = System/Library/Frameworks/UserNotifications.framework; sourceTree = SDKROOT; };
		1A45ACCD1F8DEE8600401D90 /* CoreLocation.framework */ = {isa = PBXFileReference; lastKnownFileType = wrapper.framework; name = CoreLocation.framework; path = System/Library/Frameworks/CoreLocation.framework; sourceTree = SDKROOT; };
		1A45ACCF1F8DEE8F00401D90 /* CoreTelephony.framework */ = {isa = PBXFileReference; lastKnownFileType = wrapper.framework; name = CoreTelephony.framework; path = System/Library/Frameworks/CoreTelephony.framework; sourceTree = SDKROOT; };
		1A45ACD11F8DEE9600401D90 /* SystemConfiguration.framework */ = {isa = PBXFileReference; lastKnownFileType = wrapper.framework; name = SystemConfiguration.framework; path = System/Library/Frameworks/SystemConfiguration.framework; sourceTree = SDKROOT; };
		1A45ACD31F8DEE9F00401D90 /* MobileCoreServices.framework */ = {isa = PBXFileReference; lastKnownFileType = wrapper.framework; name = MobileCoreServices.framework; path = System/Library/Frameworks/MobileCoreServices.framework; sourceTree = SDKROOT; };
		1A45ACD71F8DEED700401D90 /* libz.tbd */ = {isa = PBXFileReference; lastKnownFileType = "sourcecode.text-based-dylib-definition"; name = libz.tbd; path = usr/lib/libz.tbd; sourceTree = SDKROOT; };
		1A45ACD91F8DEEE100401D90 /* libc++.tbd */ = {isa = PBXFileReference; lastKnownFileType = "sourcecode.text-based-dylib-definition"; name = "libc++.tbd"; path = "usr/lib/libc++.tbd"; sourceTree = SDKROOT; };
		1A45ACDB1F8DEEE800401D90 /* AVFoundation.framework */ = {isa = PBXFileReference; lastKnownFileType = wrapper.framework; name = AVFoundation.framework; path = System/Library/Frameworks/AVFoundation.framework; sourceTree = SDKROOT; };
		1A45ACDD1F8DEEF100401D90 /* libsqlite3.tbd */ = {isa = PBXFileReference; lastKnownFileType = "sourcecode.text-based-dylib-definition"; name = libsqlite3.tbd; path = usr/lib/libsqlite3.tbd; sourceTree = SDKROOT; };
		1A90D53B1F8DECAE00F3CBAF /* NewsFeedsUIDemo.app */ = {isa = PBXFileReference; explicitFileType = wrapper.application; includeInIndex = 0; path = NewsFeedsUIDemo.app; sourceTree = BUILT_PRODUCTS_DIR; };
		1A90D53F1F8DECAE00F3CBAF /* main.m */ = {isa = PBXFileReference; lastKnownFileType = sourcecode.c.objc; path = main.m; sourceTree = "<group>"; };
		1A90D5411F8DECAE00F3CBAF /* AppDelegate.h */ = {isa = PBXFileReference; lastKnownFileType = sourcecode.c.h; path = AppDelegate.h; sourceTree = "<group>"; };
		1A90D5421F8DECAE00F3CBAF /* AppDelegate.m */ = {isa = PBXFileReference; lastKnownFileType = sourcecode.c.objc; path = AppDelegate.m; sourceTree = "<group>"; };
		1A90D5441F8DECAE00F3CBAF /* WholeViewController.h */ = {isa = PBXFileReference; lastKnownFileType = sourcecode.c.h; path = WholeViewController.h; sourceTree = "<group>"; };
		1A90D5451F8DECAE00F3CBAF /* WholeViewController.m */ = {isa = PBXFileReference; lastKnownFileType = sourcecode.c.objc; path = WholeViewController.m; sourceTree = "<group>"; };
		1A90D5481F8DECAE00F3CBAF /* Base */ = {isa = PBXFileReference; lastKnownFileType = file.storyboard; name = Base; path = Base.lproj/Main.storyboard; sourceTree = "<group>"; };
		1A90D54A1F8DECAE00F3CBAF /* Assets.xcassets */ = {isa = PBXFileReference; lastKnownFileType = folder.assetcatalog; path = Assets.xcassets; sourceTree = "<group>"; };
		1A90D54D1F8DECAE00F3CBAF /* Base */ = {isa = PBXFileReference; lastKnownFileType = file.storyboard; name = Base; path = Base.lproj/LaunchScreen.storyboard; sourceTree = "<group>"; };
		1A90D54F1F8DECAE00F3CBAF /* Info.plist */ = {isa = PBXFileReference; lastKnownFileType = text.plist.xml; path = Info.plist; sourceTree = "<group>"; };
		1A90D5541F8DECAE00F3CBAF /* NewsFeedsUIDemoTests.xctest */ = {isa = PBXFileReference; explicitFileType = wrapper.cfbundle; includeInIndex = 0; path = NewsFeedsUIDemoTests.xctest; sourceTree = BUILT_PRODUCTS_DIR; };
		1A90D5581F8DECAE00F3CBAF /* NewsFeedsUIDemoTests.m */ = {isa = PBXFileReference; lastKnownFileType = sourcecode.c.objc; path = NewsFeedsUIDemoTests.m; sourceTree = "<group>"; };
		1A90D55A1F8DECAE00F3CBAF /* Info.plist */ = {isa = PBXFileReference; lastKnownFileType = text.plist.xml; path = Info.plist; sourceTree = "<group>"; };
		1A90D55F1F8DECAE00F3CBAF /* NewsFeedsUIDemoUITests.xctest */ = {isa = PBXFileReference; explicitFileType = wrapper.cfbundle; includeInIndex = 0; path = NewsFeedsUIDemoUITests.xctest; sourceTree = BUILT_PRODUCTS_DIR; };
		1A90D5631F8DECAE00F3CBAF /* NewsFeedsUIDemoUITests.m */ = {isa = PBXFileReference; lastKnownFileType = sourcecode.c.objc; path = NewsFeedsUIDemoUITests.m; sourceTree = "<group>"; };
		1A90D5651F8DECAE00F3CBAF /* Info.plist */ = {isa = PBXFileReference; lastKnownFileType = text.plist.xml; path = Info.plist; sourceTree = "<group>"; };
		82F8192557FFD89EDD371051 /* libPods-NewsFeedsUIDemo.a */ = {isa = PBXFileReference; explicitFileType = archive.ar; includeInIndex = 0; path = "libPods-NewsFeedsUIDemo.a"; sourceTree = BUILT_PRODUCTS_DIR; };
/* End PBXFileReference section */

/* Begin PBXFrameworksBuildPhase section */
		1A90D5381F8DECAE00F3CBAF /* Frameworks */ = {
			isa = PBXFrameworksBuildPhase;
			buildActionMask = 2147483647;
			files = (
				1A18C94F1FBE810500569435 /* NewsFeedsUISDK.framework in Frameworks */,
				1A09369B1F973B8F003E97D0 /* Security.framework in Frameworks */,
				1A45ACDE1F8DEEF100401D90 /* libsqlite3.tbd in Frameworks */,
				1A45ACDC1F8DEEE800401D90 /* AVFoundation.framework in Frameworks */,
				1A45ACDA1F8DEEE100401D90 /* libc++.tbd in Frameworks */,
				1A45ACD81F8DEED700401D90 /* libz.tbd in Frameworks */,
				1A45ACD41F8DEE9F00401D90 /* MobileCoreServices.framework in Frameworks */,
				1A45ACD21F8DEE9600401D90 /* SystemConfiguration.framework in Frameworks */,
				1A0F74BB1FBDAEF500173C71 /* NewsFeedsSDK.framework in Frameworks */,
				1A45ACD01F8DEE8F00401D90 /* CoreTelephony.framework in Frameworks */,
				1A45ACCE1F8DEE8600401D90 /* CoreLocation.framework in Frameworks */,
				1A45ACCC1F8DEE8100401D90 /* UserNotifications.framework in Frameworks */,
				1A45ACCA1F8DEE7A00401D90 /* AdSupport.framework in Frameworks */,
				FABDB8C0B082933397343935 /* libPods-NewsFeedsUIDemo.a in Frameworks */,
			);
			runOnlyForDeploymentPostprocessing = 0;
		};
		1A90D5511F8DECAE00F3CBAF /* Frameworks */ = {
			isa = PBXFrameworksBuildPhase;
			buildActionMask = 2147483647;
			files = (
			);
			runOnlyForDeploymentPostprocessing = 0;
		};
		1A90D55C1F8DECAE00F3CBAF /* Frameworks */ = {
			isa = PBXFrameworksBuildPhase;
			buildActionMask = 2147483647;
			files = (
			);
			runOnlyForDeploymentPostprocessing = 0;
		};
/* End PBXFrameworksBuildPhase section */

/* Begin PBXGroup section */
		17A9D39184F591FB3627D820 /* Pods */ = {
			isa = PBXGroup;
			children = (
				089DE002795E5D5EC0DEB096 /* Pods-NewsFeedsUIDemo.debug.xcconfig */,
				05DF9B4CFA7FC16DC37FD2A8 /* Pods-NewsFeedsUIDemo.release.xcconfig */,
			);
			name = Pods;
			sourceTree = "<group>";
		};
		1A45ACC81F8DEE7A00401D90 /* Frameworks */ = {
			isa = PBXGroup;
			children = (
				1A09369A1F973B8F003E97D0 /* Security.framework */,
				1A45ACDD1F8DEEF100401D90 /* libsqlite3.tbd */,
				1A45ACDB1F8DEEE800401D90 /* AVFoundation.framework */,
				1A45ACD91F8DEEE100401D90 /* libc++.tbd */,
				1A45ACD71F8DEED700401D90 /* libz.tbd */,
				1A45ACD31F8DEE9F00401D90 /* MobileCoreServices.framework */,
				1A45ACD11F8DEE9600401D90 /* SystemConfiguration.framework */,
				1A45ACCF1F8DEE8F00401D90 /* CoreTelephony.framework */,
				1A45ACCD1F8DEE8600401D90 /* CoreLocation.framework */,
				1A45ACCB1F8DEE8100401D90 /* UserNotifications.framework */,
				1A45ACC91F8DEE7A00401D90 /* AdSupport.framework */,
				82F8192557FFD89EDD371051 /* libPods-NewsFeedsUIDemo.a */,
			);
			name = Frameworks;
			sourceTree = "<group>";
		};
		1A90D5321F8DECAE00F3CBAF = {
			isa = PBXGroup;
			children = (
				1A18C94E1FBE810500569435 /* NewsFeedsUISDK.framework */,
				1A0F74B91FBDAEF400173C71 /* NewsFeedsSDK.framework */,
				1A44FCAB1FA73FDF00B2F753 /* NFBundle.bundle */,
				1A20738E1F8F939E00F8A354 /* NFUIBundle.bundle */,
				1A90D53D1F8DECAE00F3CBAF /* NewsFeedsUIDemo */,
				1A90D5571F8DECAE00F3CBAF /* NewsFeedsUIDemoTests */,
				1A90D5621F8DECAE00F3CBAF /* NewsFeedsUIDemoUITests */,
				1A90D53C1F8DECAE00F3CBAF /* Products */,
				1A45ACC81F8DEE7A00401D90 /* Frameworks */,
				17A9D39184F591FB3627D820 /* Pods */,
			);
			sourceTree = "<group>";
		};
		1A90D53C1F8DECAE00F3CBAF /* Products */ = {
			isa = PBXGroup;
			children = (
				1A90D53B1F8DECAE00F3CBAF /* NewsFeedsUIDemo.app */,
				1A90D5541F8DECAE00F3CBAF /* NewsFeedsUIDemoTests.xctest */,
				1A90D55F1F8DECAE00F3CBAF /* NewsFeedsUIDemoUITests.xctest */,
			);
			name = Products;
			sourceTree = "<group>";
		};
		1A90D53D1F8DECAE00F3CBAF /* NewsFeedsUIDemo */ = {
			isa = PBXGroup;
			children = (
				1A044B5C1F94898D00EC026B /* IPA.plist */,
				1A90D5411F8DECAE00F3CBAF /* AppDelegate.h */,
				1A90D5421F8DECAE00F3CBAF /* AppDelegate.m */,
				1A23E4361F909DA6008F209D /* RootViewController.h */,
				1A23E4371F909DA6008F209D /* RootViewController.m */,
				1A90D5441F8DECAE00F3CBAF /* WholeViewController.h */,
				1A90D5451F8DECAE00F3CBAF /* WholeViewController.m */,
				1A23E4391F90A2D5008F209D /* SeperateViewController.h */,
				1A23E43A1F90A2D5008F209D /* SeperateViewController.m */,
				1A23E43C1F90A399008F209D /* ArticleDetailViewController.h */,
				1A23E43D1F90A399008F209D /* ArticleDetailViewController.m */,
				1A90D5471F8DECAE00F3CBAF /* Main.storyboard */,
				1A90D54A1F8DECAE00F3CBAF /* Assets.xcassets */,
				1A90D54C1F8DECAE00F3CBAF /* LaunchScreen.storyboard */,
				1A90D54F1F8DECAE00F3CBAF /* Info.plist */,
				1A90D53E1F8DECAE00F3CBAF /* Supporting Files */,
			);
			path = NewsFeedsUIDemo;
			sourceTree = "<group>";
		};
		1A90D53E1F8DECAE00F3CBAF /* Supporting Files */ = {
			isa = PBXGroup;
			children = (
				1A90D53F1F8DECAE00F3CBAF /* main.m */,
			);
			name = "Supporting Files";
			sourceTree = "<group>";
		};
		1A90D5571F8DECAE00F3CBAF /* NewsFeedsUIDemoTests */ = {
			isa = PBXGroup;
			children = (
				1A90D5581F8DECAE00F3CBAF /* NewsFeedsUIDemoTests.m */,
				1A90D55A1F8DECAE00F3CBAF /* Info.plist */,
			);
			path = NewsFeedsUIDemoTests;
			sourceTree = "<group>";
		};
		1A90D5621F8DECAE00F3CBAF /* NewsFeedsUIDemoUITests */ = {
			isa = PBXGroup;
			children = (
				1A90D5631F8DECAE00F3CBAF /* NewsFeedsUIDemoUITests.m */,
				1A90D5651F8DECAE00F3CBAF /* Info.plist */,
			);
			path = NewsFeedsUIDemoUITests;
			sourceTree = "<group>";
		};
/* End PBXGroup section */

/* Begin PBXNativeTarget section */
		1A90D53A1F8DECAE00F3CBAF /* NewsFeedsUIDemo */ = {
			isa = PBXNativeTarget;
			buildConfigurationList = 1A90D5681F8DECAE00F3CBAF /* Build configuration list for PBXNativeTarget "NewsFeedsUIDemo" */;
			buildPhases = (
				667E9BDF77D8B491C125FBCB /* [CP] Check Pods Manifest.lock */,
				1A90D5371F8DECAE00F3CBAF /* Sources */,
				1A90D5381F8DECAE00F3CBAF /* Frameworks */,
				1A90D5391F8DECAE00F3CBAF /* Resources */,
				FB2AD6A15BBE087EC48B1EC0 /* [CP] Embed Pods Frameworks */,
				037FF734AAAC04C62DF9F2F4 /* [CP] Copy Pods Resources */,
			);
			buildRules = (
			);
			dependencies = (
			);
			name = NewsFeedsUIDemo;
			productName = NewsFeedsUIDemo;
			productReference = 1A90D53B1F8DECAE00F3CBAF /* NewsFeedsUIDemo.app */;
			productType = "com.apple.product-type.application";
		};
		1A90D5531F8DECAE00F3CBAF /* NewsFeedsUIDemoTests */ = {
			isa = PBXNativeTarget;
			buildConfigurationList = 1A90D56B1F8DECAE00F3CBAF /* Build configuration list for PBXNativeTarget "NewsFeedsUIDemoTests" */;
			buildPhases = (
				1A90D5501F8DECAE00F3CBAF /* Sources */,
				1A90D5511F8DECAE00F3CBAF /* Frameworks */,
				1A90D5521F8DECAE00F3CBAF /* Resources */,
			);
			buildRules = (
			);
			dependencies = (
				1A90D5561F8DECAE00F3CBAF /* PBXTargetDependency */,
			);
			name = NewsFeedsUIDemoTests;
			productName = NewsFeedsUIDemoTests;
			productReference = 1A90D5541F8DECAE00F3CBAF /* NewsFeedsUIDemoTests.xctest */;
			productType = "com.apple.product-type.bundle.unit-test";
		};
		1A90D55E1F8DECAE00F3CBAF /* NewsFeedsUIDemoUITests */ = {
			isa = PBXNativeTarget;
			buildConfigurationList = 1A90D56E1F8DECAE00F3CBAF /* Build configuration list for PBXNativeTarget "NewsFeedsUIDemoUITests" */;
			buildPhases = (
				1A90D55B1F8DECAE00F3CBAF /* Sources */,
				1A90D55C1F8DECAE00F3CBAF /* Frameworks */,
				1A90D55D1F8DECAE00F3CBAF /* Resources */,
			);
			buildRules = (
			);
			dependencies = (
				1A90D5611F8DECAE00F3CBAF /* PBXTargetDependency */,
			);
			name = NewsFeedsUIDemoUITests;
			productName = NewsFeedsUIDemoUITests;
			productReference = 1A90D55F1F8DECAE00F3CBAF /* NewsFeedsUIDemoUITests.xctest */;
			productType = "com.apple.product-type.bundle.ui-testing";
		};
/* End PBXNativeTarget section */

/* Begin PBXProject section */
		1A90D5331F8DECAE00F3CBAF /* Project object */ = {
			isa = PBXProject;
			attributes = {
				LastUpgradeCheck = 0830;
				ORGANIZATIONNAME = NetEase;
				TargetAttributes = {
					1A90D53A1F8DECAE00F3CBAF = {
						CreatedOnToolsVersion = 8.3.3;
						DevelopmentTeam = 643957UUJ9;
						ProvisioningStyle = Automatic;
					};
					1A90D5531F8DECAE00F3CBAF = {
						CreatedOnToolsVersion = 8.3.3;
						ProvisioningStyle = Automatic;
						TestTargetID = 1A90D53A1F8DECAE00F3CBAF;
					};
					1A90D55E1F8DECAE00F3CBAF = {
						CreatedOnToolsVersion = 8.3.3;
						ProvisioningStyle = Automatic;
						TestTargetID = 1A90D53A1F8DECAE00F3CBAF;
					};
				};
			};
			buildConfigurationList = 1A90D5361F8DECAE00F3CBAF /* Build configuration list for PBXProject "NewsFeedsUIDemo" */;
			compatibilityVersion = "Xcode 3.2";
			developmentRegion = English;
			hasScannedForEncodings = 0;
			knownRegions = (
				en,
				Base,
			);
			mainGroup = 1A90D5321F8DECAE00F3CBAF;
			productRefGroup = 1A90D53C1F8DECAE00F3CBAF /* Products */;
			projectDirPath = "";
			projectRoot = "";
			targets = (
				1A90D53A1F8DECAE00F3CBAF /* NewsFeedsUIDemo */,
				1A90D5531F8DECAE00F3CBAF /* NewsFeedsUIDemoTests */,
				1A90D55E1F8DECAE00F3CBAF /* NewsFeedsUIDemoUITests */,
			);
		};
/* End PBXProject section */

/* Begin PBXResourcesBuildPhase section */
		1A90D5391F8DECAE00F3CBAF /* Resources */ = {
			isa = PBXResourcesBuildPhase;
			buildActionMask = 2147483647;
			files = (
				1A90D54E1F8DECAE00F3CBAF /* LaunchScreen.storyboard in Resources */,
				1A044B5D1F94898D00EC026B /* IPA.plist in Resources */,
				1A90D54B1F8DECAE00F3CBAF /* Assets.xcassets in Resources */,
				1A90D5491F8DECAE00F3CBAF /* Main.storyboard in Resources */,
				1A20738F1F8F939E00F8A354 /* NFUIBundle.bundle in Resources */,
				1A44FCAC1FA73FDF00B2F753 /* NFBundle.bundle in Resources */,
			);
			runOnlyForDeploymentPostprocessing = 0;
		};
		1A90D5521F8DECAE00F3CBAF /* Resources */ = {
			isa = PBXResourcesBuildPhase;
			buildActionMask = 2147483647;
			files = (
			);
			runOnlyForDeploymentPostprocessing = 0;
		};
		1A90D55D1F8DECAE00F3CBAF /* Resources */ = {
			isa = PBXResourcesBuildPhase;
			buildActionMask = 2147483647;
			files = (
			);
			runOnlyForDeploymentPostprocessing = 0;
		};
/* End PBXResourcesBuildPhase section */

/* Begin PBXShellScriptBuildPhase section */
		037FF734AAAC04C62DF9F2F4 /* [CP] Copy Pods Resources */ = {
			isa = PBXShellScriptBuildPhase;
			buildActionMask = 2147483647;
			files = (
			);
			inputPaths = (
			);
			name = "[CP] Copy Pods Resources";
			outputPaths = (
			);
			runOnlyForDeploymentPostprocessing = 0;
			shellPath = /bin/sh;
			shellScript = "\"${SRCROOT}/Pods/Target Support Files/Pods-NewsFeedsUIDemo/Pods-NewsFeedsUIDemo-resources.sh\"\n";
			showEnvVarsInLog = 0;
		};
		667E9BDF77D8B491C125FBCB /* [CP] Check Pods Manifest.lock */ = {
			isa = PBXShellScriptBuildPhase;
			buildActionMask = 2147483647;
			files = (
			);
			inputPaths = (
			);
			name = "[CP] Check Pods Manifest.lock";
			outputPaths = (
			);
			runOnlyForDeploymentPostprocessing = 0;
			shellPath = /bin/sh;
			shellScript = "diff \"${PODS_ROOT}/../Podfile.lock\" \"${PODS_ROOT}/Manifest.lock\" > /dev/null\nif [ $? != 0 ] ; then\n    # print error to STDERR\n    echo \"error: The sandbox is not in sync with the Podfile.lock. Run 'pod install' or update your CocoaPods installation.\" >&2\n    exit 1\nfi\n";
			showEnvVarsInLog = 0;
		};
		FB2AD6A15BBE087EC48B1EC0 /* [CP] Embed Pods Frameworks */ = {
			isa = PBXShellScriptBuildPhase;
			buildActionMask = 2147483647;
			files = (
			);
			inputPaths = (
			);
			name = "[CP] Embed Pods Frameworks";
			outputPaths = (
			);
			runOnlyForDeploymentPostprocessing = 0;
			shellPath = /bin/sh;
			shellScript = "\"${SRCROOT}/Pods/Target Support Files/Pods-NewsFeedsUIDemo/Pods-NewsFeedsUIDemo-frameworks.sh\"\n";
			showEnvVarsInLog = 0;
		};
/* End PBXShellScriptBuildPhase section */

/* Begin PBXSourcesBuildPhase section */
		1A90D5371F8DECAE00F3CBAF /* Sources */ = {
			isa = PBXSourcesBuildPhase;
			buildActionMask = 2147483647;
			files = (
				1A90D5461F8DECAE00F3CBAF /* WholeViewController.m in Sources */,
				1A90D5431F8DECAE00F3CBAF /* AppDelegate.m in Sources */,
				1A90D5401F8DECAE00F3CBAF /* main.m in Sources */,
				1A23E43E1F90A399008F209D /* ArticleDetailViewController.m in Sources */,
				1A23E4381F909DA6008F209D /* RootViewController.m in Sources */,
				1A23E43B1F90A2D5008F209D /* SeperateViewController.m in Sources */,
			);
			runOnlyForDeploymentPostprocessing = 0;
		};
		1A90D5501F8DECAE00F3CBAF /* Sources */ = {
			isa = PBXSourcesBuildPhase;
			buildActionMask = 2147483647;
			files = (
				1A90D5591F8DECAE00F3CBAF /* NewsFeedsUIDemoTests.m in Sources */,
			);
			runOnlyForDeploymentPostprocessing = 0;
		};
		1A90D55B1F8DECAE00F3CBAF /* Sources */ = {
			isa = PBXSourcesBuildPhase;
			buildActionMask = 2147483647;
			files = (
				1A90D5641F8DECAE00F3CBAF /* NewsFeedsUIDemoUITests.m in Sources */,
			);
			runOnlyForDeploymentPostprocessing = 0;
		};
/* End PBXSourcesBuildPhase section */

/* Begin PBXTargetDependency section */
		1A90D5561F8DECAE00F3CBAF /* PBXTargetDependency */ = {
			isa = PBXTargetDependency;
			target = 1A90D53A1F8DECAE00F3CBAF /* NewsFeedsUIDemo */;
			targetProxy = 1A90D5551F8DECAE00F3CBAF /* PBXContainerItemProxy */;
		};
		1A90D5611F8DECAE00F3CBAF /* PBXTargetDependency */ = {
			isa = PBXTargetDependency;
			target = 1A90D53A1F8DECAE00F3CBAF /* NewsFeedsUIDemo */;
			targetProxy = 1A90D5601F8DECAE00F3CBAF /* PBXContainerItemProxy */;
		};
/* End PBXTargetDependency section */

/* Begin PBXVariantGroup section */
		1A90D5471F8DECAE00F3CBAF /* Main.storyboard */ = {
			isa = PBXVariantGroup;
			children = (
				1A90D5481F8DECAE00F3CBAF /* Base */,
			);
			name = Main.storyboard;
			sourceTree = "<group>";
		};
		1A90D54C1F8DECAE00F3CBAF /* LaunchScreen.storyboard */ = {
			isa = PBXVariantGroup;
			children = (
				1A90D54D1F8DECAE00F3CBAF /* Base */,
			);
			name = LaunchScreen.storyboard;
			sourceTree = "<group>";
		};
/* End PBXVariantGroup section */

/* Begin XCBuildConfiguration section */
		1A90D5661F8DECAE00F3CBAF /* Debug */ = {
			isa = XCBuildConfiguration;
			buildSettings = {
				ALWAYS_SEARCH_USER_PATHS = NO;
				CLANG_ANALYZER_NONNULL = YES;
				CLANG_ANALYZER_NUMBER_OBJECT_CONVERSION = YES_AGGRESSIVE;
				CLANG_CXX_LANGUAGE_STANDARD = "gnu++0x";
				CLANG_CXX_LIBRARY = "libc++";
				CLANG_ENABLE_MODULES = YES;
				CLANG_ENABLE_OBJC_ARC = YES;
				CLANG_WARN_BOOL_CONVERSION = YES;
				CLANG_WARN_CONSTANT_CONVERSION = YES;
				CLANG_WARN_DIRECT_OBJC_ISA_USAGE = YES_ERROR;
				CLANG_WARN_DOCUMENTATION_COMMENTS = YES;
				CLANG_WARN_EMPTY_BODY = YES;
				CLANG_WARN_ENUM_CONVERSION = YES;
				CLANG_WARN_INFINITE_RECURSION = YES;
				CLANG_WARN_INT_CONVERSION = YES;
				CLANG_WARN_OBJC_ROOT_CLASS = YES_ERROR;
				CLANG_WARN_SUSPICIOUS_MOVE = YES;
				CLANG_WARN_UNREACHABLE_CODE = YES;
				CLANG_WARN__DUPLICATE_METHOD_MATCH = YES;
				"CODE_SIGN_IDENTITY[sdk=iphoneos*]" = "iPhone Developer";
				COPY_PHASE_STRIP = NO;
				DEBUG_INFORMATION_FORMAT = dwarf;
				ENABLE_STRICT_OBJC_MSGSEND = YES;
				ENABLE_TESTABILITY = YES;
				GCC_C_LANGUAGE_STANDARD = gnu99;
				GCC_DYNAMIC_NO_PIC = NO;
				GCC_NO_COMMON_BLOCKS = YES;
				GCC_OPTIMIZATION_LEVEL = 0;
				GCC_PREPROCESSOR_DEFINITIONS = (
					"DEBUG=1",
					"$(inherited)",
				);
				GCC_WARN_64_TO_32_BIT_CONVERSION = YES;
				GCC_WARN_ABOUT_RETURN_TYPE = YES_ERROR;
				GCC_WARN_UNDECLARED_SELECTOR = YES;
				GCC_WARN_UNINITIALIZED_AUTOS = YES_AGGRESSIVE;
				GCC_WARN_UNUSED_FUNCTION = YES;
				GCC_WARN_UNUSED_VARIABLE = YES;
				IPHONEOS_DEPLOYMENT_TARGET = 10.3;
				MTL_ENABLE_DEBUG_INFO = YES;
				ONLY_ACTIVE_ARCH = YES;
				SDKROOT = iphoneos;
			};
			name = Debug;
		};
		1A90D5671F8DECAE00F3CBAF /* Release */ = {
			isa = XCBuildConfiguration;
			buildSettings = {
				ALWAYS_SEARCH_USER_PATHS = NO;
				CLANG_ANALYZER_NONNULL = YES;
				CLANG_ANALYZER_NUMBER_OBJECT_CONVERSION = YES_AGGRESSIVE;
				CLANG_CXX_LANGUAGE_STANDARD = "gnu++0x";
				CLANG_CXX_LIBRARY = "libc++";
				CLANG_ENABLE_MODULES = YES;
				CLANG_ENABLE_OBJC_ARC = YES;
				CLANG_WARN_BOOL_CONVERSION = YES;
				CLANG_WARN_CONSTANT_CONVERSION = YES;
				CLANG_WARN_DIRECT_OBJC_ISA_USAGE = YES_ERROR;
				CLANG_WARN_DOCUMENTATION_COMMENTS = YES;
				CLANG_WARN_EMPTY_BODY = YES;
				CLANG_WARN_ENUM_CONVERSION = YES;
				CLANG_WARN_INFINITE_RECURSION = YES;
				CLANG_WARN_INT_CONVERSION = YES;
				CLANG_WARN_OBJC_ROOT_CLASS = YES_ERROR;
				CLANG_WARN_SUSPICIOUS_MOVE = YES;
				CLANG_WARN_UNREACHABLE_CODE = YES;
				CLANG_WARN__DUPLICATE_METHOD_MATCH = YES;
				"CODE_SIGN_IDENTITY[sdk=iphoneos*]" = "iPhone Developer";
				COPY_PHASE_STRIP = NO;
				DEBUG_INFORMATION_FORMAT = "dwarf-with-dsym";
				ENABLE_NS_ASSERTIONS = NO;
				ENABLE_STRICT_OBJC_MSGSEND = YES;
				GCC_C_LANGUAGE_STANDARD = gnu99;
				GCC_NO_COMMON_BLOCKS = YES;
				GCC_WARN_64_TO_32_BIT_CONVERSION = YES;
				GCC_WARN_ABOUT_RETURN_TYPE = YES_ERROR;
				GCC_WARN_UNDECLARED_SELECTOR = YES;
				GCC_WARN_UNINITIALIZED_AUTOS = YES_AGGRESSIVE;
				GCC_WARN_UNUSED_FUNCTION = YES;
				GCC_WARN_UNUSED_VARIABLE = YES;
				IPHONEOS_DEPLOYMENT_TARGET = 10.3;
				MTL_ENABLE_DEBUG_INFO = NO;
				SDKROOT = iphoneos;
				VALIDATE_PRODUCT = YES;
			};
			name = Release;
		};
		1A90D5691F8DECAE00F3CBAF /* Debug */ = {
			isa = XCBuildConfiguration;
			baseConfigurationReference = 089DE002795E5D5EC0DEB096 /* Pods-NewsFeedsUIDemo.debug.xcconfig */;
			buildSettings = {
				ASSETCATALOG_COMPILER_APPICON_NAME = AppIcon;
				"CODE_SIGN_IDENTITY[sdk=iphoneos*]" = "iPhone Developer";
				DEVELOPMENT_TEAM = 643957UUJ9;
				FRAMEWORK_SEARCH_PATHS = (
					"$(inherited)",
					"$(PROJECT_DIR)",
					"$(PROJECT_DIR)/NewsFeedsUISDK/NewsFeedsSDK",
					"$(PROJECT_DIR)/FLAnimatedImage",
				);
				INFOPLIST_FILE = NewsFeedsUIDemo/Info.plist;
				IPHONEOS_DEPLOYMENT_TARGET = 9.0;
				LD_RUNPATH_SEARCH_PATHS = "$(inherited) @executable_path/Frameworks";
				OTHER_LDFLAGS = (
					"$(inherited)",
					"-lz",
					"-ObjC",
				);
				PRODUCT_BUNDLE_IDENTIFIER = com.netease.NewsFeedsUIDemo;
				PRODUCT_NAME = "$(TARGET_NAME)";
				PROVISIONING_PROFILE = "";
				PROVISIONING_PROFILE_SPECIFIER = "";
			};
			name = Debug;
		};
		1A90D56A1F8DECAE00F3CBAF /* Release */ = {
			isa = XCBuildConfiguration;
			baseConfigurationReference = 05DF9B4CFA7FC16DC37FD2A8 /* Pods-NewsFeedsUIDemo.release.xcconfig */;
			buildSettings = {
				ASSETCATALOG_COMPILER_APPICON_NAME = AppIcon;
				"CODE_SIGN_IDENTITY[sdk=iphoneos*]" = "iPhone Developer";
				DEVELOPMENT_TEAM = 643957UUJ9;
				FRAMEWORK_SEARCH_PATHS = (
					"$(inherited)",
					"$(PROJECT_DIR)",
					"$(PROJECT_DIR)/NewsFeedsUISDK/NewsFeedsSDK",
					"$(PROJECT_DIR)/FLAnimatedImage",
				);
				INFOPLIST_FILE = NewsFeedsUIDemo/Info.plist;
				IPHONEOS_DEPLOYMENT_TARGET = 9.0;
				LD_RUNPATH_SEARCH_PATHS = "$(inherited) @executable_path/Frameworks";
				OTHER_LDFLAGS = (
					"$(inherited)",
					"-lz",
					"-ObjC",
				);
				PRODUCT_BUNDLE_IDENTIFIER = com.netease.NewsFeedsUIDemo;
				PRODUCT_NAME = "$(TARGET_NAME)";
				PROVISIONING_PROFILE = "";
				PROVISIONING_PROFILE_SPECIFIER = "";
			};
			name = Release;
		};
		1A90D56C1F8DECAE00F3CBAF /* Debug */ = {
			isa = XCBuildConfiguration;
			buildSettings = {
				BUNDLE_LOADER = "$(TEST_HOST)";
				INFOPLIST_FILE = NewsFeedsUIDemoTests/Info.plist;
				LD_RUNPATH_SEARCH_PATHS = "$(inherited) @executable_path/Frameworks @loader_path/Frameworks";
				PRODUCT_BUNDLE_IDENTIFIER = com.netease.NewsFeedsUIDemoTests;
				PRODUCT_NAME = "$(TARGET_NAME)";
				TEST_HOST = "$(BUILT_PRODUCTS_DIR)/NewsFeedsUIDemo.app/NewsFeedsUIDemo";
			};
			name = Debug;
		};
		1A90D56D1F8DECAE00F3CBAF /* Release */ = {
			isa = XCBuildConfiguration;
			buildSettings = {
				BUNDLE_LOADER = "$(TEST_HOST)";
				INFOPLIST_FILE = NewsFeedsUIDemoTests/Info.plist;
				LD_RUNPATH_SEARCH_PATHS = "$(inherited) @executable_path/Frameworks @loader_path/Frameworks";
				PRODUCT_BUNDLE_IDENTIFIER = com.netease.NewsFeedsUIDemoTests;
				PRODUCT_NAME = "$(TARGET_NAME)";
				TEST_HOST = "$(BUILT_PRODUCTS_DIR)/NewsFeedsUIDemo.app/NewsFeedsUIDemo";
			};
			name = Release;
		};
		1A90D56F1F8DECAE00F3CBAF /* Debug */ = {
			isa = XCBuildConfiguration;
			buildSettings = {
				INFOPLIST_FILE = NewsFeedsUIDemoUITests/Info.plist;
				LD_RUNPATH_SEARCH_PATHS = "$(inherited) @executable_path/Frameworks @loader_path/Frameworks";
				PRODUCT_BUNDLE_IDENTIFIER = com.netease.NewsFeedsUIDemoUITests;
				PRODUCT_NAME = "$(TARGET_NAME)";
				TEST_TARGET_NAME = NewsFeedsUIDemo;
			};
			name = Debug;
		};
		1A90D5701F8DECAE00F3CBAF /* Release */ = {
			isa = XCBuildConfiguration;
			buildSettings = {
				INFOPLIST_FILE = NewsFeedsUIDemoUITests/Info.plist;
				LD_RUNPATH_SEARCH_PATHS = "$(inherited) @executable_path/Frameworks @loader_path/Frameworks";
				PRODUCT_BUNDLE_IDENTIFIER = com.netease.NewsFeedsUIDemoUITests;
				PRODUCT_NAME = "$(TARGET_NAME)";
				TEST_TARGET_NAME = NewsFeedsUIDemo;
			};
			name = Release;
		};
/* End XCBuildConfiguration section */

/* Begin XCConfigurationList section */
		1A90D5361F8DECAE00F3CBAF /* Build configuration list for PBXProject "NewsFeedsUIDemo" */ = {
			isa = XCConfigurationList;
			buildConfigurations = (
				1A90D5661F8DECAE00F3CBAF /* Debug */,
				1A90D5671F8DECAE00F3CBAF /* Release */,
			);
			defaultConfigurationIsVisible = 0;
			defaultConfigurationName = Release;
		};
		1A90D5681F8DECAE00F3CBAF /* Build configuration list for PBXNativeTarget "NewsFeedsUIDemo" */ = {
			isa = XCConfigurationList;
			buildConfigurations = (
				1A90D5691F8DECAE00F3CBAF /* Debug */,
				1A90D56A1F8DECAE00F3CBAF /* Release */,
			);
			defaultConfigurationIsVisible = 0;
			defaultConfigurationName = Release;
		};
		1A90D56B1F8DECAE00F3CBAF /* Build configuration list for PBXNativeTarget "NewsFeedsUIDemoTests" */ = {
			isa = XCConfigurationList;
			buildConfigurations = (
				1A90D56C1F8DECAE00F3CBAF /* Debug */,
				1A90D56D1F8DECAE00F3CBAF /* Release */,
			);
			defaultConfigurationIsVisible = 0;
			defaultConfigurationName = Release;
		};
		1A90D56E1F8DECAE00F3CBAF /* Build configuration list for PBXNativeTarget "NewsFeedsUIDemoUITests" */ = {
			isa = XCConfigurationList;
			buildConfigurations = (
				1A90D56F1F8DECAE00F3CBAF /* Debug */,
				1A90D5701F8DECAE00F3CBAF /* Release */,
			);
			defaultConfigurationIsVisible = 0;
			defaultConfigurationName = Release;
		};
/* End XCConfigurationList section */
	};
	rootObject = 1A90D5331F8DECAE00F3CBAF /* Project object */;
}
