PODS:
  - FLAnimatedImage (1.0.12)
  - GTSDK (2.1.0.0)
  - libwebp (0.6.0):
    - libwebp/core (= 0.6.0)
    - libwebp/dec (= 0.6.0)
    - libwebp/demux (= 0.6.0)
    - libwebp/dsp (= 0.6.0)
    - libwebp/enc (= 0.6.0)
    - libwebp/mux (= 0.6.0)
    - libwebp/utils (= 0.6.0)
    - libwebp/webp (= 0.6.0)
  - libwebp/core (0.6.0):
    - libwebp/webp
  - libwebp/dec (0.6.0):
    - libwebp/core
  - libwebp/demux (0.6.0):
    - libwebp/core
  - libwebp/dsp (0.6.0):
    - libwebp/core
  - libwebp/enc (0.6.0):
    - libwebp/core
  - libwebp/mux (0.6.0):
    - libwebp/core
  - libwebp/utils (0.6.0):
    - libwebp/core
  - libwebp/webp (0.6.0)
  - Masonry (1.1.0)
  - NewsFeedsSDK (1.4.5):
    - GTSDK
    - YLGDTMobSDK
  - NewsFeedsUISDK (1.4.5):
    - Masonry
    - NewsFeedsSDK
    - SDWebImage
    - SDWebImage/GIF
    - SDWebImage/WebP
    - UITableView+FDTemplateLayoutCell
  - SDWebImage (4.2.3):
    - SDWebImage/Core (= 4.2.3)
  - SDWebImage/Core (4.2.3)
  - SDWebImage/GIF (4.2.3):
    - FLAnimatedImage (~> 1.0)
    - SDWebImage/Core
  - SDWebImage/WebP (4.2.3):
    - libwebp
    - SDWebImage/Core
  - UITableView+FDTemplateLayoutCell (1.6)
  - YLGDTMobSDK (4.6.4)

DEPENDENCIES:
  - NewsFeedsSDK
  - NewsFeedsUISDK

SPEC CHECKSUMS:
  FLAnimatedImage: 4a0b56255d9b05f18b6dd7ee06871be5d3b89e31
  GTSDK: e4bbd1073ec69471decff20f77a5df90a771824d
  libwebp: 1d5a07c2eb97f9c31bd5f154bb82efc0ea67c6a2
  Masonry: 678fab65091a9290e40e2832a55e7ab731aad201
  NewsFeedsSDK: 22d492f410580474599dd0d274aa3ff3719e489c
  NewsFeedsUISDK: 6c08aa8591208a0fce56730beb642b0cf7bd819b
  SDWebImage: 791bb72962b3492327ddcac4b1880bd1b5458431
  UITableView+FDTemplateLayoutCell: 5c949b4a5059c404b442926c0e80f81d10a2d66f
  YLGDTMobSDK: 805f36cc631953d4e403683409f78c0f1569e6fe

PODFILE CHECKSUM: 044517e86391175cb7754306a479d26b76193b6e

COCOAPODS: 1.2.0
